
Microsoft Visual Studio Solution File, Format Version 12.00
# Visual Studio Version 17
VisualStudioVersion = 17.9.34714.143
MinimumVisualStudioVersion = 10.0.40219.1
Project("{9A19103F-16F7-4668-BE54-9A1E7A4F7556}") = "MineSweeper", "MineSweeper.csproj", "{67901C52-AA5B-4633-93C0-D407643EC4ED}"
EndProject
Project("{9A19103F-16F7-4668-BE54-9A1E7A4F7556}") = "MineSweeperTest", "MineSweeperTest\MineSweeperTest.csproj", "{412C0B8E-4A70-4071-BEDD-E45018C2F7B0}"
EndProject
Global
	GlobalSection(SolutionConfigurationPlatforms) = preSolution
		Debug|Any CPU = Debug|Any CPU
		Release|Any CPU = Release|Any CPU
	EndGlobalSection
	GlobalSection(ProjectConfigurationPlatforms) = postSolution
		{67901C52-AA5B-4633-93C0-D407643EC4ED}.Debug|Any CPU.ActiveCfg = Debug|Any CPU
		{67901C52-AA5B-4633-93C0-D407643EC4ED}.Debug|Any CPU.Build.0 = Debug|Any CPU
		{67901C52-AA5B-4633-93C0-D407643EC4ED}.Release|Any CPU.ActiveCfg = Release|Any CPU
		{67901C52-AA5B-4633-93C0-D407643EC4ED}.Release|Any CPU.Build.0 = Release|Any CPU
		{412C0B8E-4A70-4071-BEDD-E45018C2F7B0}.Debug|Any CPU.ActiveCfg = Debug|Any CPU
		{412C0B8E-4A70-4071-BEDD-E45018C2F7B0}.Debug|Any CPU.Build.0 = Debug|Any CPU
		{412C0B8E-4A70-4071-BEDD-E45018C2F7B0}.Release|Any CPU.ActiveCfg = Release|Any CPU
		{412C0B8E-4A70-4071-BEDD-E45018C2F7B0}.Release|Any CPU.Build.0 = Release|Any CPU
	EndGlobalSection
	GlobalSection(SolutionProperties) = preSolution
		HideSolutionNode = FALSE
	EndGlobalSection
	GlobalSection(ExtensibilityGlobals) = postSolution
		SolutionGuid = {447E5808-A4DF-435B-BCD9-FDF23D6C7D01}
	EndGlobalSection
EndGlobal
